PODS:
  - Alamofire (4.9.1)
  - NVActivityIndicatorView (5.1.1):
    - NVActivityIndicatorView/Base (= 5.1.1)
  - NVActivityIndicatorView/Base (5.1.1)
  - RxCocoa (6.5.0):
    - RxRelay (= 6.5.0)
    - RxSwift (= 6.5.0)
  - RxRelay (6.5.0):
    - RxSwift (= 6.5.0)
  - RxSwift (6.5.0)
  - SDWebImage (5.11.1):
    - SDWebImage/Core (= 5.11.1)
  - SDWebImage/Core (5.11.1)
  - SwiftyJSON (5.0.1)

DEPENDENCIES:
  - Alamofire (~> 4.7)
  - NVActivityIndicatorView
  - RxCocoa
  - RxSwift
  - SDWebImage (~> 5.11.1)
  - SwiftyJSON

SPEC REPOS:
  trunk:
    - Alamofire
    - NVActivityIndicatorView
    - RxCocoa
    - RxRelay
    - RxSwift
    - SDWebImage
    - SwiftyJSON

SPEC CHECKSUMS:
  Alamofire: 85e8a02c69d6020a0d734f6054870d7ecb75cf18
  NVActivityIndicatorView: 1f6c5687f1171810aa27a3296814dc2d7dec3667
  RxCocoa: 94f817b71c07517321eb4f9ad299112ca8af743b
  RxRelay: 1de1523e604c72b6c68feadedd1af3b1b4d0ecbd
  RxSwift: 5710a9e6b17f3c3d6e40d6e559b9fa1e813b2ef8
  SDWebImage: a7f831e1a65eb5e285e3fb046a23fcfbf08e696d
  SwiftyJSON: 2f33a42c6fbc52764d96f13368585094bfd8aa5e

PODFILE CHECKSUM: 4f7ee5433d5e04258696a898553195cf42d75243

COCOAPODS: 1.11.3
